
Microsoft Visual Studio Solution File, Format Version 12.00
# Visual Studio Version 16
VisualStudioVersion = 16.0.29709.97
MinimumVisualStudioVersion = 10.0.40219.1
Project("{FAE04EC0-301F-11D3-BF4B-00C04F79EFBC}") = "BowlingScoring", "BowlingScoring\BowlingScoring.csproj", "{E177D14F-AA37-430E-AD8B-48256B1D4247}"
EndProject
Project("{FAE04EC0-301F-11D3-BF4B-00C04F79EFBC}") = "BowlingScoringTests", "BowlingScoringTests\BowlingScoringTests.csproj", "{BBC7C160-DDFE-4CFB-B74F-F0212328BB4D}"
EndProject
Global
	GlobalSection(SolutionConfigurationPlatforms) = preSolution
		Debug|Any CPU = Debug|Any CPU
		Release|Any CPU = Release|Any CPU
	EndGlobalSection
	GlobalSection(ProjectConfigurationPlatforms) = postSolution
		{E177D14F-AA37-430E-AD8B-48256B1D4247}.Debug|Any CPU.ActiveCfg = Debug|Any CPU
		{E177D14F-AA37-430E-AD8B-48256B1D4247}.Debug|Any CPU.Build.0 = Debug|Any CPU
		{E177D14F-AA37-430E-AD8B-48256B1D4247}.Release|Any CPU.ActiveCfg = Release|Any CPU
		{E177D14F-AA37-430E-AD8B-48256B1D4247}.Release|Any CPU.Build.0 = Release|Any CPU
		{BBC7C160-DDFE-4CFB-B74F-F0212328BB4D}.Debug|Any CPU.ActiveCfg = Debug|Any CPU
		{BBC7C160-DDFE-4CFB-B74F-F0212328BB4D}.Debug|Any CPU.Build.0 = Debug|Any CPU
		{BBC7C160-DDFE-4CFB-B74F-F0212328BB4D}.Release|Any CPU.ActiveCfg = Release|Any CPU
		{BBC7C160-DDFE-4CFB-B74F-F0212328BB4D}.Release|Any CPU.Build.0 = Release|Any CPU
	EndGlobalSection
	GlobalSection(SolutionProperties) = preSolution
		HideSolutionNode = FALSE
	EndGlobalSection
	GlobalSection(ExtensibilityGlobals) = postSolution
		SolutionGuid = {CBFC10B6-DDBB-4219-BAEB-38C4983258E8}
	EndGlobalSection
EndGlobal
